<?xml version="1.0" encoding="utf-8"?>
<Project ToolsVersion="4.0" xmlns="http://schemas.microsoft.com/developer/msbuild/2003">
  <ItemGroup>
    <ClCompile Include="..\src\carburetta.c" />
    <ClCompile Include="..\src\chain.c" />
    <ClCompile Include="..\src\decomment.c" />
    <ClCompile Include="..\src\dfa.c" />
    <ClCompile Include="..\src\grammar_table.c" />
    <ClCompile Include="..\src\lalr.c" />
    <ClCompile Include="..\src\line_assembly.c" />
    <ClCompile Include="..\src\line_defs.c" />
    <ClCompile Include="..\src\mul.c" />
    <ClCompile Include="..\src\nfa.c" />
    <ClCompile Include="..\src\prd_gram.c" />
    <ClCompile Include="..\src\prd_grammar.c" />
    <ClCompile Include="..\src\regex_grammar.c" />
    <ClCompile Include="..\src\report_error.c" />
    <ClCompile Include="..\src\scanner.c" />
    <ClCompile Include="..\src\snippet.c" />
    <ClCompile Include="..\src\symbol.c" />
    <ClCompile Include="..\src\tokenizer.c" />
    <ClCompile Include="..\src\tokens.c" />
    <ClCompile Include="..\src\tokens_generated_scanners.c" />
    <ClCompile Include="..\src\typestr.c" />
    <ClCompile Include="..\src\xlalr.c" />
    <ClCompile Include="..\src\xlts.c" />
    <ClCompile Include="..\src\carburetta_context.c" />
    <ClCompile Include="..\src\emit_c.c" />
    <ClCompile Include="..\src\parse_input.c" />
    <ClCompile Include="..\src\temp_output.c" />
  </ItemGroup>
  <ItemGroup>
    <ClInclude Include="..\src\chain.h" />
    <ClInclude Include="..\src\decomment.h" />
    <ClInclude Include="..\src\dfa.h" />
    <ClInclude Include="..\src\grammar_table.h" />
    <ClInclude Include="..\src\lalr.h" />
    <ClInclude Include="..\src\line_assembly.h" />
    <ClInclude Include="..\src\line_defs.h" />
    <ClInclude Include="..\src\mul.h" />
    <ClInclude Include="..\src\nfa.h" />
    <ClInclude Include="..\src\prd_gram.h" />
    <ClInclude Include="..\src\prd_grammar.h" />
    <ClInclude Include="..\src\regex_grammar.h" />
    <ClInclude Include="..\src\report_error.h" />
    <ClInclude Include="..\src\scanner.h" />
    <ClInclude Include="..\src\snippet.h" />
    <ClInclude Include="..\src\symbol.h" />
    <ClInclude Include="..\src\tokenizer.h" />
    <ClInclude Include="..\src\tokens.h" />
    <ClInclude Include="..\src\typestr.h" />
    <ClInclude Include="..\src\xlalr.h" />
    <ClInclude Include="..\src\xlts.h" />
    <ClInclude Include="..\src\carburetta_context.h" />
    <ClInclude Include="..\src\emit_c.h" />
    <ClInclude Include="..\src\parse_input.h" />
    <ClInclude Include="..\src\temp_output.h" />
  </ItemGroup>
  <ItemGroup>
    <None Include="..\src\prd_grammar.crbt" />
    <None Include="..\src\regex_grammar.crbt" />
  </ItemGroup>
</Project>